
Microsoft Visual Studio Solution File, Format Version 12.00
# Visual Studio Version 16
VisualStudioVersion = 16.0.29123.88
MinimumVisualStudioVersion = 10.0.40219.1
Project("{FAE04EC0-301F-11D3-BF4B-00C04F79EFBC}") = "ZipImageViewer", "ZipImageViewer.csproj", "{132432D4-022B-4A90-9DF8-EC3A4E94D79E}"
EndProject
Global
	GlobalSection(SolutionConfigurationPlatforms) = preSolution
		Debug|Any CPU = Debug|Any CPU
		Release|Any CPU = Release|Any CPU
	EndGlobalSection
	GlobalSection(ProjectConfigurationPlatforms) = postSolution
		{132432D4-022B-4A90-9DF8-EC3A4E94D79E}.Debug|Any CPU.ActiveCfg = Debug|Any CPU
		{132432D4-022B-4A90-9DF8-EC3A4E94D79E}.Debug|Any CPU.Build.0 = Debug|Any CPU
		{132432D4-022B-4A90-9DF8-EC3A4E94D79E}.Release|Any CPU.ActiveCfg = Release|Any CPU
		{132432D4-022B-4A90-9DF8-EC3A4E94D79E}.Release|Any CPU.Build.0 = Release|Any CPU
	EndGlobalSection
	GlobalSection(SolutionProperties) = preSolution
		HideSolutionNode = FALSE
	EndGlobalSection
	GlobalSection(ExtensibilityGlobals) = postSolution
		SolutionGuid = {AAE22DE7-C7EF-40DF-8B06-68913CE8894E}
	EndGlobalSection
EndGlobal
